
Microsoft Visual Studio Solution File, Format Version 12.00
# Visual Studio Version 17
VisualStudioVersion = 17.5.002.0
MinimumVisualStudioVersion = 10.0.40219.1
Project("{2150E333-8FDC-42A3-9474-1A3956D46DE8}") = "csharp-prep", "csharp-prep", "{F35D7458-27D6-45BE-B654-0668DF16CF11}"
EndProject
Project("{9A19103F-16F7-4668-BE54-9A1E7A4F7556}") = "Prep1", "csharp-prep\Prep1\Prep1.csproj", "{C3CC951D-0BA5-4D5F-868B-D493805DFDEA}"
EndProject
Project("{9A19103F-16F7-4668-BE54-9A1E7A4F7556}") = "Prep2", "csharp-prep\Prep2\Prep2.csproj", "{E379254B-60B3-41C5-BF28-7EF661CC7A98}"
EndProject
Project("{9A19103F-16F7-4668-BE54-9A1E7A4F7556}") = "Prep3", "csharp-prep\Prep3\Prep3.csproj", "{BF173FF7-6ABE-48A8-9F1E-775F31922749}"
EndProject
Project("{9A19103F-16F7-4668-BE54-9A1E7A4F7556}") = "Prep4", "csharp-prep\Prep4\Prep4.csproj", "{32A4B27E-1959-476B-BC40-8FA0F08CF861}"
EndProject
Project("{9A19103F-16F7-4668-BE54-9A1E7A4F7556}") = "Prep5", "csharp-prep\Prep5\Prep5.csproj", "{DF903078-789D-479E-BEE6-1B64D55D240B}"
EndProject
Project("{2150E333-8FDC-42A3-9474-1A3956D46DE8}") = "final", "final", "{217B141B-DCF9-43E1-A390-6E38EF42FE6B}"
EndProject
Project("{9A19103F-16F7-4668-BE54-9A1E7A4F7556}") = "FinalProject", "final\FinalProject\FinalProject.csproj", "{CAC1244E-72BA-406F-A064-A0B4B12FBE80}"
EndProject
Project("{9A19103F-16F7-4668-BE54-9A1E7A4F7556}") = "Foundation1", "final\Foundation1\Foundation1.csproj", "{2DF929AD-EB85-48EC-B1A8-82E45FFEC709}"
EndProject
Project("{9A19103F-16F7-4668-BE54-9A1E7A4F7556}") = "Foundation2", "final\Foundation2\Foundation2.csproj", "{EF88150C-1B7E-41B7-8044-772924F9805A}"
EndProject
Project("{9A19103F-16F7-4668-BE54-9A1E7A4F7556}") = "Foundation3", "final\Foundation3\Foundation3.csproj", "{5C008385-B122-4EA3-9045-1154DFC52D8C}"
EndProject
Project("{9A19103F-16F7-4668-BE54-9A1E7A4F7556}") = "Foundation4", "final\Foundation4\Foundation4.csproj", "{4983D6C2-2A9D-46E3-9867-5DB368A5C5E4}"
EndProject
Project("{2150E333-8FDC-42A3-9474-1A3956D46DE8}") = "prepare", "prepare", "{5AE9E823-E323-400D-A1DA-707609AF3138}"
EndProject
Project("{9A19103F-16F7-4668-BE54-9A1E7A4F7556}") = "Learning02", "prepare\Learning02\Learning02.csproj", "{29263554-7F07-4993-988D-CCDA7468AEAD}"
EndProject
Project("{9A19103F-16F7-4668-BE54-9A1E7A4F7556}") = "Learning03", "prepare\Learning03\Learning03.csproj", "{66D63E54-219C-4867-9675-40709802AD25}"
EndProject
Project("{9A19103F-16F7-4668-BE54-9A1E7A4F7556}") = "Learning04", "prepare\Learning04\Learning04.csproj", "{C94E8073-C979-4059-8AE0-9EACDDB6D130}"
EndProject
Project("{9A19103F-16F7-4668-BE54-9A1E7A4F7556}") = "Learning05", "prepare\Learning05\Learning05.csproj", "{CB61659A-9BDF-4A74-ACB3-6D04733F2C38}"
EndProject
Project("{2150E333-8FDC-42A3-9474-1A3956D46DE8}") = "prove", "prove", "{804C379C-CBB2-4E9C-801A-30CC5E33B3ED}"
EndProject
Project("{9A19103F-16F7-4668-BE54-9A1E7A4F7556}") = "Develop02", "prove\Develop02\Develop02.csproj", "{0A87AD3F-6B9E-4565-92AB-47D331FDFEED}"
EndProject
Project("{9A19103F-16F7-4668-BE54-9A1E7A4F7556}") = "Develop03", "prove\Develop03\Develop03.csproj", "{46E319C0-0D64-468E-A37E-379F7049F01E}"
EndProject
Project("{9A19103F-16F7-4668-BE54-9A1E7A4F7556}") = "Develop04", "prove\Develop04\Develop04.csproj", "{13697FB8-9E7A-4AB3-94D7-699577867754}"
EndProject
Project("{9A19103F-16F7-4668-BE54-9A1E7A4F7556}") = "Develop05", "prove\Develop05\Develop05.csproj", "{DF66667C-929D-470C-B57F-0F5F4C65B458}"
EndProject
Project("{2150E333-8FDC-42A3-9474-1A3956D46DE8}") = "sandbox", "sandbox", "{28C0204F-48BF-4AEC-B294-B66EE840C572}"
EndProject
Project("{9A19103F-16F7-4668-BE54-9A1E7A4F7556}") = "Sandbox", "sandbox\Sandbox\Sandbox.csproj", "{207DC94D-9E65-4681-9841-0BC32B409F22}"
EndProject
Global
	GlobalSection(SolutionConfigurationPlatforms) = preSolution
		Debug|Any CPU = Debug|Any CPU
		Release|Any CPU = Release|Any CPU
	EndGlobalSection
	GlobalSection(ProjectConfigurationPlatforms) = postSolution
		{C3CC951D-0BA5-4D5F-868B-D493805DFDEA}.Debug|Any CPU.ActiveCfg = Debug|Any CPU
		{C3CC951D-0BA5-4D5F-868B-D493805DFDEA}.Debug|Any CPU.Build.0 = Debug|Any CPU
		{C3CC951D-0BA5-4D5F-868B-D493805DFDEA}.Release|Any CPU.ActiveCfg = Release|Any CPU
		{C3CC951D-0BA5-4D5F-868B-D493805DFDEA}.Release|Any CPU.Build.0 = Release|Any CPU
		{E379254B-60B3-41C5-BF28-7EF661CC7A98}.Debug|Any CPU.ActiveCfg = Debug|Any CPU
		{E379254B-60B3-41C5-BF28-7EF661CC7A98}.Debug|Any CPU.Build.0 = Debug|Any CPU
		{E379254B-60B3-41C5-BF28-7EF661CC7A98}.Release|Any CPU.ActiveCfg = Release|Any CPU
		{E379254B-60B3-41C5-BF28-7EF661CC7A98}.Release|Any CPU.Build.0 = Release|Any CPU
		{BF173FF7-6ABE-48A8-9F1E-775F31922749}.Debug|Any CPU.ActiveCfg = Debug|Any CPU
		{BF173FF7-6ABE-48A8-9F1E-775F31922749}.Debug|Any CPU.Build.0 = Debug|Any CPU
		{BF173FF7-6ABE-48A8-9F1E-775F31922749}.Release|Any CPU.ActiveCfg = Release|Any CPU
		{BF173FF7-6ABE-48A8-9F1E-775F31922749}.Release|Any CPU.Build.0 = Release|Any CPU
		{32A4B27E-1959-476B-BC40-8FA0F08CF861}.Debug|Any CPU.ActiveCfg = Debug|Any CPU
		{32A4B27E-1959-476B-BC40-8FA0F08CF861}.Debug|Any CPU.Build.0 = Debug|Any CPU
		{32A4B27E-1959-476B-BC40-8FA0F08CF861}.Release|Any CPU.ActiveCfg = Release|Any CPU
		{32A4B27E-1959-476B-BC40-8FA0F08CF861}.Release|Any CPU.Build.0 = Release|Any CPU
		{DF903078-789D-479E-BEE6-1B64D55D240B}.Debug|Any CPU.ActiveCfg = Debug|Any CPU
		{DF903078-789D-479E-BEE6-1B64D55D240B}.Debug|Any CPU.Build.0 = Debug|Any CPU
		{DF903078-789D-479E-BEE6-1B64D55D240B}.Release|Any CPU.ActiveCfg = Release|Any CPU
		{DF903078-789D-479E-BEE6-1B64D55D240B}.Release|Any CPU.Build.0 = Release|Any CPU
		{CAC1244E-72BA-406F-A064-A0B4B12FBE80}.Debug|Any CPU.ActiveCfg = Debug|Any CPU
		{CAC1244E-72BA-406F-A064-A0B4B12FBE80}.Debug|Any CPU.Build.0 = Debug|Any CPU
		{CAC1244E-72BA-406F-A064-A0B4B12FBE80}.Release|Any CPU.ActiveCfg = Release|Any CPU
		{CAC1244E-72BA-406F-A064-A0B4B12FBE80}.Release|Any CPU.Build.0 = Release|Any CPU
		{2DF929AD-EB85-48EC-B1A8-82E45FFEC709}.Debug|Any CPU.ActiveCfg = Debug|Any CPU
		{2DF929AD-EB85-48EC-B1A8-82E45FFEC709}.Debug|Any CPU.Build.0 = Debug|Any CPU
		{2DF929AD-EB85-48EC-B1A8-82E45FFEC709}.Release|Any CPU.ActiveCfg = Release|Any CPU
		{2DF929AD-EB85-48EC-B1A8-82E45FFEC709}.Release|Any CPU.Build.0 = Release|Any CPU
		{EF88150C-1B7E-41B7-8044-772924F9805A}.Debug|Any CPU.ActiveCfg = Debug|Any CPU
		{EF88150C-1B7E-41B7-8044-772924F9805A}.Debug|Any CPU.Build.0 = Debug|Any CPU
		{EF88150C-1B7E-41B7-8044-772924F9805A}.Release|Any CPU.ActiveCfg = Release|Any CPU
		{EF88150C-1B7E-41B7-8044-772924F9805A}.Release|Any CPU.Build.0 = Release|Any CPU
		{5C008385-B122-4EA3-9045-1154DFC52D8C}.Debug|Any CPU.ActiveCfg = Debug|Any CPU
		{5C008385-B122-4EA3-9045-1154DFC52D8C}.Debug|Any CPU.Build.0 = Debug|Any CPU
		{5C008385-B122-4EA3-9045-1154DFC52D8C}.Release|Any CPU.ActiveCfg = Release|Any CPU
		{5C008385-B122-4EA3-9045-1154DFC52D8C}.Release|Any CPU.Build.0 = Release|Any CPU
		{4983D6C2-2A9D-46E3-9867-5DB368A5C5E4}.Debug|Any CPU.ActiveCfg = Debug|Any CPU
		{4983D6C2-2A9D-46E3-9867-5DB368A5C5E4}.Debug|Any CPU.Build.0 = Debug|Any CPU
		{4983D6C2-2A9D-46E3-9867-5DB368A5C5E4}.Release|Any CPU.ActiveCfg = Release|Any CPU
		{4983D6C2-2A9D-46E3-9867-5DB368A5C5E4}.Release|Any CPU.Build.0 = Release|Any CPU
		{29263554-7F07-4993-988D-CCDA7468AEAD}.Debug|Any CPU.ActiveCfg = Debug|Any CPU
		{29263554-7F07-4993-988D-CCDA7468AEAD}.Debug|Any CPU.Build.0 = Debug|Any CPU
		{29263554-7F07-4993-988D-CCDA7468AEAD}.Release|Any CPU.ActiveCfg = Release|Any CPU
		{29263554-7F07-4993-988D-CCDA7468AEAD}.Release|Any CPU.Build.0 = Release|Any CPU
		{66D63E54-219C-4867-9675-40709802AD25}.Debug|Any CPU.ActiveCfg = Debug|Any CPU
		{66D63E54-219C-4867-9675-40709802AD25}.Debug|Any CPU.Build.0 = Debug|Any CPU
		{66D63E54-219C-4867-9675-40709802AD25}.Release|Any CPU.ActiveCfg = Release|Any CPU
		{66D63E54-219C-4867-9675-40709802AD25}.Release|Any CPU.Build.0 = Release|Any CPU
		{C94E8073-C979-4059-8AE0-9EACDDB6D130}.Debug|Any CPU.ActiveCfg = Debug|Any CPU
		{C94E8073-C979-4059-8AE0-9EACDDB6D130}.Debug|Any CPU.Build.0 = Debug|Any CPU
		{C94E8073-C979-4059-8AE0-9EACDDB6D130}.Release|Any CPU.ActiveCfg = Release|Any CPU
		{C94E8073-C979-4059-8AE0-9EACDDB6D130}.Release|Any CPU.Build.0 = Release|Any CPU
		{CB61659A-9BDF-4A74-ACB3-6D04733F2C38}.Debug|Any CPU.ActiveCfg = Debug|Any CPU
		{CB61659A-9BDF-4A74-ACB3-6D04733F2C38}.Debug|Any CPU.Build.0 = Debug|Any CPU
		{CB61659A-9BDF-4A74-ACB3-6D04733F2C38}.Release|Any CPU.ActiveCfg = Release|Any CPU
		{CB61659A-9BDF-4A74-ACB3-6D04733F2C38}.Release|Any CPU.Build.0 = Release|Any CPU
		{0A87AD3F-6B9E-4565-92AB-47D331FDFEED}.Debug|Any CPU.ActiveCfg = Debug|Any CPU
		{0A87AD3F-6B9E-4565-92AB-47D331FDFEED}.Debug|Any CPU.Build.0 = Debug|Any CPU
		{0A87AD3F-6B9E-4565-92AB-47D331FDFEED}.Release|Any CPU.ActiveCfg = Release|Any CPU
		{0A87AD3F-6B9E-4565-92AB-47D331FDFEED}.Release|Any CPU.Build.0 = Release|Any CPU
		{46E319C0-0D64-468E-A37E-379F7049F01E}.Debug|Any CPU.ActiveCfg = Debug|Any CPU
		{46E319C0-0D64-468E-A37E-379F7049F01E}.Debug|Any CPU.Build.0 = Debug|Any CPU
		{46E319C0-0D64-468E-A37E-379F7049F01E}.Release|Any CPU.ActiveCfg = Release|Any CPU
		{46E319C0-0D64-468E-A37E-379F7049F01E}.Release|Any CPU.Build.0 = Release|Any CPU
		{13697FB8-9E7A-4AB3-94D7-699577867754}.Debug|Any CPU.ActiveCfg = Debug|Any CPU
		{13697FB8-9E7A-4AB3-94D7-699577867754}.Debug|Any CPU.Build.0 = Debug|Any CPU
		{13697FB8-9E7A-4AB3-94D7-699577867754}.Release|Any CPU.ActiveCfg = Release|Any CPU
		{13697FB8-9E7A-4AB3-94D7-699577867754}.Release|Any CPU.Build.0 = Release|Any CPU
		{DF66667C-929D-470C-B57F-0F5F4C65B458}.Debug|Any CPU.ActiveCfg = Debug|Any CPU
		{DF66667C-929D-470C-B57F-0F5F4C65B458}.Debug|Any CPU.Build.0 = Debug|Any CPU
		{DF66667C-929D-470C-B57F-0F5F4C65B458}.Release|Any CPU.ActiveCfg = Release|Any CPU
		{DF66667C-929D-470C-B57F-0F5F4C65B458}.Release|Any CPU.Build.0 = Release|Any CPU
		{207DC94D-9E65-4681-9841-0BC32B409F22}.Debug|Any CPU.ActiveCfg = Debug|Any CPU
		{207DC94D-9E65-4681-9841-0BC32B409F22}.Debug|Any CPU.Build.0 = Debug|Any CPU
		{207DC94D-9E65-4681-9841-0BC32B409F22}.Release|Any CPU.ActiveCfg = Release|Any CPU
		{207DC94D-9E65-4681-9841-0BC32B409F22}.Release|Any CPU.Build.0 = Release|Any CPU
	EndGlobalSection
	GlobalSection(SolutionProperties) = preSolution
		HideSolutionNode = FALSE
	EndGlobalSection
	GlobalSection(NestedProjects) = preSolution
		{C3CC951D-0BA5-4D5F-868B-D493805DFDEA} = {F35D7458-27D6-45BE-B654-0668DF16CF11}
		{E379254B-60B3-41C5-BF28-7EF661CC7A98} = {F35D7458-27D6-45BE-B654-0668DF16CF11}
		{BF173FF7-6ABE-48A8-9F1E-775F31922749} = {F35D7458-27D6-45BE-B654-0668DF16CF11}
		{32A4B27E-1959-476B-BC40-8FA0F08CF861} = {F35D7458-27D6-45BE-B654-0668DF16CF11}
		{DF903078-789D-479E-BEE6-1B64D55D240B} = {F35D7458-27D6-45BE-B654-0668DF16CF11}
		{CAC1244E-72BA-406F-A064-A0B4B12FBE80} = {217B141B-DCF9-43E1-A390-6E38EF42FE6B}
		{2DF929AD-EB85-48EC-B1A8-82E45FFEC709} = {217B141B-DCF9-43E1-A390-6E38EF42FE6B}
		{EF88150C-1B7E-41B7-8044-772924F9805A} = {217B141B-DCF9-43E1-A390-6E38EF42FE6B}
		{5C008385-B122-4EA3-9045-1154DFC52D8C} = {217B141B-DCF9-43E1-A390-6E38EF42FE6B}
		{4983D6C2-2A9D-46E3-9867-5DB368A5C5E4} = {217B141B-DCF9-43E1-A390-6E38EF42FE6B}
		{29263554-7F07-4993-988D-CCDA7468AEAD} = {5AE9E823-E323-400D-A1DA-707609AF3138}
		{66D63E54-219C-4867-9675-40709802AD25} = {5AE9E823-E323-400D-A1DA-707609AF3138}
		{C94E8073-C979-4059-8AE0-9EACDDB6D130} = {5AE9E823-E323-400D-A1DA-707609AF3138}
		{CB61659A-9BDF-4A74-ACB3-6D04733F2C38} = {5AE9E823-E323-400D-A1DA-707609AF3138}
		{0A87AD3F-6B9E-4565-92AB-47D331FDFEED} = {804C379C-CBB2-4E9C-801A-30CC5E33B3ED}
		{46E319C0-0D64-468E-A37E-379F7049F01E} = {804C379C-CBB2-4E9C-801A-30CC5E33B3ED}
		{13697FB8-9E7A-4AB3-94D7-699577867754} = {804C379C-CBB2-4E9C-801A-30CC5E33B3ED}
		{DF66667C-929D-470C-B57F-0F5F4C65B458} = {804C379C-CBB2-4E9C-801A-30CC5E33B3ED}
		{207DC94D-9E65-4681-9841-0BC32B409F22} = {28C0204F-48BF-4AEC-B294-B66EE840C572}
	EndGlobalSection
	GlobalSection(ExtensibilityGlobals) = postSolution
		SolutionGuid = {4EFAD427-8A4F-4D87-B73E-7A43C826AB59}
	EndGlobalSection
EndGlobal
